Microsoft Visual Studio Solution File, Format Version 12.00
# Visual Studio Version 17
VisualStudioVersion = 17.5.2.0
MinimumVisualStudioVersion = 10.0.40219.1
Project("{FAE04EC0-301F-11D3-BF4B-00C04F79EFBC}") = "WebApiDemo", "WebApiDemo.csproj", "{39A223F0-8C71-CFDC-8DC1-2C5C2B751CE5}"
EndProject
Global
	GlobalSection(SolutionConfigurationPlatforms) = preSolution
		Debug|Any CPU = Debug|Any CPU
		Release|Any CPU = Release|Any CPU
	EndGlobalSection
	GlobalSection(ProjectConfigurationPlatforms) = postSolution
		{39A223F0-8C71-CFDC-8DC1-2C5C2B751CE5}.Debug|Any CPU.ActiveCfg = Debug|Any CPU
		{39A223F0-8C71-CFDC-8DC1-2C5C2B751CE5}.Debug|Any CPU.Build.0 = Debug|Any CPU
		{39A223F0-8C71-CFDC-8DC1-2C5C2B751CE5}.Release|Any CPU.ActiveCfg = Release|Any CPU
		{39A223F0-8C71-CFDC-8DC1-2C5C2B751CE5}.Release|Any CPU.Build.0 = Release|Any CPU
	EndGlobalSection
	GlobalSection(SolutionProperties) = preSolution
		HideSolutionNode = FALSE
	EndGlobalSection
	GlobalSection(ExtensibilityGlobals) = postSolution
		SolutionGuid = {4391EBD7-5105-47C7-9FB8-A7E802D9ED4D}
	EndGlobalSection
EndGlobal
